// !$*UTF8*$!
{
	archiveVersion = 1;
	classes = {
	};
	objectVersion = 55;
	objects = {

/* Begin PBXBuildFile section */
		33053DE72805C39800801674 /* TurnipOffApp.swift in Sources */ = {isa = PBXBuildFile; fileRef = 33053DE62805C39800801674 /* TurnipOffApp.swift */; };
		33053DE92805C39800801674 /* HomeView.swift in Sources */ = {isa = PBXBuildFile; fileRef = 33053DE82805C39800801674 /* HomeView.swift */; };
		33053DEB2805C39900801674 /* Assets.xcassets in Resources */ = {isa = PBXBuildFile; fileRef = 33053DEA2805C39900801674 /* Assets.xcassets */; };
		33053DEE2805C39900801674 /* Preview Assets.xcassets in Resources */ = {isa = PBXBuildFile; fileRef = 33053DED2805C39900801674 /* Preview Assets.xcassets */; };
		33053DF82805C39A00801674 /* TurnipOffTests.swift in Sources */ = {isa = PBXBuildFile; fileRef = 33053DF72805C39A00801674 /* TurnipOffTests.swift */; };
		33053E022805C39A00801674 /* TurnipOffUITests.swift in Sources */ = {isa = PBXBuildFile; fileRef = 33053E012805C39A00801674 /* TurnipOffUITests.swift */; };
		33053E042805C39A00801674 /* TurnipOffUITestsLaunchTests.swift in Sources */ = {isa = PBXBuildFile; fileRef = 33053E032805C39A00801674 /* TurnipOffUITestsLaunchTests.swift */; };
		33053E142805C83500801674 /* MovieGenre.swift in Sources */ = {isa = PBXBuildFile; fileRef = 33053E132805C83500801674 /* MovieGenre.swift */; };
		33053E192805C8DB00801674 /* MovieSearch.swift in Sources */ = {isa = PBXBuildFile; fileRef = 33053E182805C8DB00801674 /* MovieSearch.swift */; };
		33053E2A2805CE0600801674 /* NetworkError.swift in Sources */ = {isa = PBXBuildFile; fileRef = 33053E292805CE0600801674 /* NetworkError.swift */; };
		33053E2F2805CE8A00801674 /* Publisher.swift in Sources */ = {isa = PBXBuildFile; fileRef = 33053E2E2805CE8A00801674 /* Publisher.swift */; };
		33053E312805D3C700801674 /* TMDBService.swift in Sources */ = {isa = PBXBuildFile; fileRef = 33053E302805D3C700801674 /* TMDBService.swift */; };
		33053E332805D43D00801674 /* TMDBResponse.swift in Sources */ = {isa = PBXBuildFile; fileRef = 33053E322805D43D00801674 /* TMDBResponse.swift */; };
		33114042280754DE004100B0 /* MovieOverviewView.swift in Sources */ = {isa = PBXBuildFile; fileRef = 33114041280754DE004100B0 /* MovieOverviewView.swift */; };
		331E6398280FFFD70043E29F /* Movie+Credits.swift in Sources */ = {isa = PBXBuildFile; fileRef = 331E6397280FFFD70043E29F /* Movie+Credits.swift */; };
		331E639A281000570043E29F /* Credit.swift in Sources */ = {isa = PBXBuildFile; fileRef = 331E6399281000570043E29F /* Credit.swift */; };
		331E639C281002310043E29F /* CreditsView.swift in Sources */ = {isa = PBXBuildFile; fileRef = 331E639B281002310043E29F /* CreditsView.swift */; };
		331E639E2810063C0043E29F /* CreditView.swift in Sources */ = {isa = PBXBuildFile; fileRef = 331E639D2810063C0043E29F /* CreditView.swift */; };
		331E63A0281011DA0043E29F /* Movie+Cast.swift in Sources */ = {isa = PBXBuildFile; fileRef = 331E639F281011DA0043E29F /* Movie+Cast.swift */; };
		331E63A2281011FE0043E29F /* Movie+Crew.swift in Sources */ = {isa = PBXBuildFile; fileRef = 331E63A1281011FE0043E29F /* Movie+Crew.swift */; };
		331E63A5281030400043E29F /* Sort.swift in Sources */ = {isa = PBXBuildFile; fileRef = 331E63A4281030400043E29F /* Sort.swift */; };
		331E63A8281031E40043E29F /* SectionView.swift in Sources */ = {isa = PBXBuildFile; fileRef = 331E63A7281031E40043E29F /* SectionView.swift */; };
		331E63AA281032230043E29F /* SectionViewModel.swift in Sources */ = {isa = PBXBuildFile; fileRef = 331E63A9281032230043E29F /* SectionViewModel.swift */; };
		331E63B02810487E0043E29F /* MoviePosterImage.swift in Sources */ = {isa = PBXBuildFile; fileRef = 331E63AF2810487E0043E29F /* MoviePosterImage.swift */; };
		331E63B428105D8E0043E29F /* SectionConfig.swift in Sources */ = {isa = PBXBuildFile; fileRef = 331E63B328105D8E0043E29F /* SectionConfig.swift */; };
		339DFDFC2806B27000B0DF92 /* Service.swift in Sources */ = {isa = PBXBuildFile; fileRef = 339DFDFB2806B27000B0DF92 /* Service.swift */; };
		339DFDFF2806B29C00B0DF92 /* ServiceMethod.swift in Sources */ = {isa = PBXBuildFile; fileRef = 339DFDFE2806B29C00B0DF92 /* ServiceMethod.swift */; };
		339DFE022806B40C00B0DF92 /* ServiceProvider.swift in Sources */ = {isa = PBXBuildFile; fileRef = 339DFE012806B40C00B0DF92 /* ServiceProvider.swift */; };
		339DFE042806B60D00B0DF92 /* ContentType.swift in Sources */ = {isa = PBXBuildFile; fileRef = 339DFE032806B60D00B0DF92 /* ContentType.swift */; };
		339DFE062806BCB100B0DF92 /* TMDBClient.swift in Sources */ = {isa = PBXBuildFile; fileRef = 339DFE052806BCB100B0DF92 /* TMDBClient.swift */; };
		339DFE082806BE5700B0DF92 /* Plugin.swift in Sources */ = {isa = PBXBuildFile; fileRef = 339DFE072806BE5700B0DF92 /* Plugin.swift */; };
		339DFE0A2806BF2400B0DF92 /* CachePolicyPlugin.swift in Sources */ = {isa = PBXBuildFile; fileRef = 339DFE092806BF2400B0DF92 /* CachePolicyPlugin.swift */; };
		339DFE0D2806C00C00B0DF92 /* CachePolicyService.swift in Sources */ = {isa = PBXBuildFile; fileRef = 339DFE0C2806C00C00B0DF92 /* CachePolicyService.swift */; };
		339DFE132806C96B00B0DF92 /* TrendingView.swift in Sources */ = {isa = PBXBuildFile; fileRef = 339DFE122806C96B00B0DF92 /* TrendingView.swift */; };
		339DFE162806CA7000B0DF92 /* CarouselView.swift in Sources */ = {isa = PBXBuildFile; fileRef = 339DFE152806CA7000B0DF92 /* CarouselView.swift */; };
		339DFE182806D71E00B0DF92 /* UIColor.swift in Sources */ = {isa = PBXBuildFile; fileRef = 339DFE172806D71E00B0DF92 /* UIColor.swift */; };
		339DFE1A2806D7F200B0DF92 /* TrendingViewModel.swift in Sources */ = {isa = PBXBuildFile; fileRef = 339DFE192806D7F200B0DF92 /* TrendingViewModel.swift */; };
		339DFE1E2806F76700B0DF92 /* ImageAsync.swift in Sources */ = {isa = PBXBuildFile; fileRef = 339DFE1D2806F76700B0DF92 /* ImageAsync.swift */; };
		339DFE222806F89F00B0DF92 /* ImageAsyncPhase.swift in Sources */ = {isa = PBXBuildFile; fileRef = 339DFE212806F89F00B0DF92 /* ImageAsyncPhase.swift */; };
		339DFE242806FBAD00B0DF92 /* ImageURL.swift in Sources */ = {isa = PBXBuildFile; fileRef = 339DFE232806FBAD00B0DF92 /* ImageURL.swift */; };
		339DFE262806FD9200B0DF92 /* PictureSizes.swift in Sources */ = {isa = PBXBuildFile; fileRef = 339DFE252806FD9200B0DF92 /* PictureSizes.swift */; };
		339DFE2928070D5F00B0DF92 /* Movie.swift in Sources */ = {isa = PBXBuildFile; fileRef = 339DFE2828070D5F00B0DF92 /* Movie.swift */; };
		339DFE2C28070E2900B0DF92 /* MovieView.swift in Sources */ = {isa = PBXBuildFile; fileRef = 339DFE2B28070E2900B0DF92 /* MovieView.swift */; };
		339DFE2E28070E8400B0DF92 /* MovieViewModel.swift in Sources */ = {isa = PBXBuildFile; fileRef = 339DFE2D28070E8400B0DF92 /* MovieViewModel.swift */; };
		339DFE3028071BD900B0DF92 /* MovieHeaderView.swift in Sources */ = {isa = PBXBuildFile; fileRef = 339DFE2F28071BD900B0DF92 /* MovieHeaderView.swift */; };
		339DFE3228071C2500B0DF92 /* MovieDescriptionView.swift in Sources */ = {isa = PBXBuildFile; fileRef = 339DFE3128071C2500B0DF92 /* MovieDescriptionView.swift */; };
		33D3759C2812927E0061E9FA /* PersonViewModel.swift in Sources */ = {isa = PBXBuildFile; fileRef = 33D3759B2812927E0061E9FA /* PersonViewModel.swift */; };
		33D375A3281295580061E9FA /* CreditsListView.swift in Sources */ = {isa = PBXBuildFile; fileRef = 33D375A2281295580061E9FA /* CreditsListView.swift */; };
		33D375A6281297200061E9FA /* Person.swift in Sources */ = {isa = PBXBuildFile; fileRef = 33D375A5281297200061E9FA /* Person.swift */; };
		33D375A8281299AF0061E9FA /* PersonView.swift in Sources */ = {isa = PBXBuildFile; fileRef = 33D375A7281299AF0061E9FA /* PersonView.swift */; };
		33D375AA28129A1A0061E9FA /* PersonHeaderView.swift in Sources */ = {isa = PBXBuildFile; fileRef = 33D375A928129A1A0061E9FA /* PersonHeaderView.swift */; };
		33D375AC28129EE00061E9FA /* PersonDescriptionView.swift in Sources */ = {isa = PBXBuildFile; fileRef = 33D375AB28129EE00061E9FA /* PersonDescriptionView.swift */; };
		33D375AE2812A0B70061E9FA /* PersonOverviewView.swift in Sources */ = {isa = PBXBuildFile; fileRef = 33D375AD2812A0B70061E9FA /* PersonOverviewView.swift */; };
		33D375B42812ABE90061E9FA /* Person+Credits.swift in Sources */ = {isa = PBXBuildFile; fileRef = 33D375B32812ABE90061E9FA /* Person+Credits.swift */; };
		33D375B62812ABFB0061E9FA /* Person+Cast.swift in Sources */ = {isa = PBXBuildFile; fileRef = 33D375B52812ABFA0061E9FA /* Person+Cast.swift */; };
		33D375B82812AC1F0061E9FA /* Person+Crew.swift in Sources */ = {isa = PBXBuildFile; fileRef = 33D375B72812AC1F0061E9FA /* Person+Crew.swift */; };
		33D375BA2812B2E70061E9FA /* Array.swift in Sources */ = {isa = PBXBuildFile; fileRef = 33D375B92812B2E70061E9FA /* Array.swift */; };
/* End PBXBuildFile section */

/* Begin PBXContainerItemProxy section */
		33053DF42805C39A00801674 /* PBXContainerItemProxy */ = {
			isa = PBXContainerItemProxy;
			containerPortal = 33053DDB2805C39800801674 /* Project object */;
			proxyType = 1;
			remoteGlobalIDString = 33053DE22805C39800801674;
			remoteInfo = TurnipOff;
		};
		33053DFE2805C39A00801674 /* PBXContainerItemProxy */ = {
			isa = PBXContainerItemProxy;
			containerPortal = 33053DDB2805C39800801674 /* Project object */;
			proxyType = 1;
			remoteGlobalIDString = 33053DE22805C39800801674;
			remoteInfo = TurnipOff;
		};
/* End PBXContainerItemProxy section */

/* Begin PBXFileReference section */
		33053DE32805C39800801674 /* TurnipOff.app */ = {isa = PBXFileReference; explicitFileType = wrapper.application; includeInIndex = 0; path = TurnipOff.app; sourceTree = BUILT_PRODUCTS_DIR; };
		33053DE62805C39800801674 /* TurnipOffApp.swift */ = {isa = PBXFileReference; lastKnownFileType = sourcecode.swift; path = TurnipOffApp.swift; sourceTree = "<group>"; };
		33053DE82805C39800801674 /* HomeView.swift */ = {isa = PBXFileReference; lastKnownFileType = sourcecode.swift; path = HomeView.swift; sourceTree = "<group>"; };
		33053DEA2805C39900801674 /* Assets.xcassets */ = {isa = PBXFileReference; lastKnownFileType = folder.assetcatalog; path = Assets.xcassets; sourceTree = "<group>"; };
		33053DED2805C39900801674 /* Preview Assets.xcassets */ = {isa = PBXFileReference; lastKnownFileType = folder.assetcatalog; path = "Preview Assets.xcassets"; sourceTree = "<group>"; };
		33053DF32805C39A00801674 /* TurnipOffTests.xctest */ = {isa = PBXFileReference; explicitFileType = wrapper.cfbundle; includeInIndex = 0; path = TurnipOffTests.xctest; sourceTree = BUILT_PRODUCTS_DIR; };
		33053DF72805C39A00801674 /* TurnipOffTests.swift */ = {isa = PBXFileReference; lastKnownFileType = sourcecode.swift; path = TurnipOffTests.swift; sourceTree = "<group>"; };
		33053DFD2805C39A00801674 /* TurnipOffUITests.xctest */ = {isa = PBXFileReference; explicitFileType = wrapper.cfbundle; includeInIndex = 0; path = TurnipOffUITests.xctest; sourceTree = BUILT_PRODUCTS_DIR; };
		33053E012805C39A00801674 /* TurnipOffUITests.swift */ = {isa = PBXFileReference; lastKnownFileType = sourcecode.swift; path = TurnipOffUITests.swift; sourceTree = "<group>"; };
		33053E032805C39A00801674 /* TurnipOffUITestsLaunchTests.swift */ = {isa = PBXFileReference; lastKnownFileType = sourcecode.swift; path = TurnipOffUITestsLaunchTests.swift; sourceTree = "<group>"; };
		33053E132805C83500801674 /* MovieGenre.swift */ = {isa = PBXFileReference; lastKnownFileType = sourcecode.swift; path = MovieGenre.swift; sourceTree = "<group>"; };
		33053E182805C8DB00801674 /* MovieSearch.swift */ = {isa = PBXFileReference; lastKnownFileType = sourcecode.swift; path = MovieSearch.swift; sourceTree = "<group>"; };
		33053E292805CE0600801674 /* NetworkError.swift */ = {isa = PBXFileReference; lastKnownFileType = sourcecode.swift; path = NetworkError.swift; sourceTree = "<group>"; };
		33053E2E2805CE8A00801674 /* Publisher.swift */ = {isa = PBXFileReference; lastKnownFileType = sourcecode.swift; path = Publisher.swift; sourceTree = "<group>"; };
		33053E302805D3C700801674 /* TMDBService.swift */ = {isa = PBXFileReference; lastKnownFileType = sourcecode.swift; path = TMDBService.swift; sourceTree = "<group>"; };
		33053E322805D43D00801674 /* TMDBResponse.swift */ = {isa = PBXFileReference; lastKnownFileType = sourcecode.swift; path = TMDBResponse.swift; sourceTree = "<group>"; };
		33114041280754DE004100B0 /* MovieOverviewView.swift */ = {isa = PBXFileReference; lastKnownFileType = sourcecode.swift; path = MovieOverviewView.swift; sourceTree = "<group>"; };
		331E6397280FFFD70043E29F /* Movie+Credits.swift */ = {isa = PBXFileReference; lastKnownFileType = sourcecode.swift; path = "Movie+Credits.swift"; sourceTree = "<group>"; };
		331E6399281000570043E29F /* Credit.swift */ = {isa = PBXFileReference; lastKnownFileType = sourcecode.swift; path = Credit.swift; sourceTree = "<group>"; };
		331E639B281002310043E29F /* CreditsView.swift */ = {isa = PBXFileReference; lastKnownFileType = sourcecode.swift; path = CreditsView.swift; sourceTree = "<group>"; };
		331E639D2810063C0043E29F /* CreditView.swift */ = {isa = PBXFileReference; lastKnownFileType = sourcecode.swift; path = CreditView.swift; sourceTree = "<group>"; };
		331E639F281011DA0043E29F /* Movie+Cast.swift */ = {isa = PBXFileReference; lastKnownFileType = sourcecode.swift; path = "Movie+Cast.swift"; sourceTree = "<group>"; };
		331E63A1281011FE0043E29F /* Movie+Crew.swift */ = {isa = PBXFileReference; lastKnownFileType = sourcecode.swift; path = "Movie+Crew.swift"; sourceTree = "<group>"; };
		331E63A4281030400043E29F /* Sort.swift */ = {isa = PBXFileReference; lastKnownFileType = sourcecode.swift; path = Sort.swift; sourceTree = "<group>"; };
		331E63A7281031E40043E29F /* SectionView.swift */ = {isa = PBXFileReference; lastKnownFileType = sourcecode.swift; path = SectionView.swift; sourceTree = "<group>"; };
		331E63A9281032230043E29F /* SectionViewModel.swift */ = {isa = PBXFileReference; lastKnownFileType = sourcecode.swift; path = SectionViewModel.swift; sourceTree = "<group>"; };
		331E63AF2810487E0043E29F /* MoviePosterImage.swift */ = {isa = PBXFileReference; lastKnownFileType = sourcecode.swift; path = MoviePosterImage.swift; sourceTree = "<group>"; };
		331E63B328105D8E0043E29F /* SectionConfig.swift */ = {isa = PBXFileReference; lastKnownFileType = sourcecode.swift; path = SectionConfig.swift; sourceTree = "<group>"; };
		339DFDFB2806B27000B0DF92 /* Service.swift */ = {isa = PBXFileReference; lastKnownFileType = sourcecode.swift; path = Service.swift; sourceTree = "<group>"; };
		339DFDFE2806B29C00B0DF92 /* ServiceMethod.swift */ = {isa = PBXFileReference; lastKnownFileType = sourcecode.swift; path = ServiceMethod.swift; sourceTree = "<group>"; };
		339DFE012806B40C00B0DF92 /* ServiceProvider.swift */ = {isa = PBXFileReference; lastKnownFileType = sourcecode.swift; path = ServiceProvider.swift; sourceTree = "<group>"; };
		339DFE032806B60D00B0DF92 /* ContentType.swift */ = {isa = PBXFileReference; lastKnownFileType = sourcecode.swift; path = ContentType.swift; sourceTree = "<group>"; };
		339DFE052806BCB100B0DF92 /* TMDBClient.swift */ = {isa = PBXFileReference; lastKnownFileType = sourcecode.swift; path = TMDBClient.swift; sourceTree = "<group>"; };
		339DFE072806BE5700B0DF92 /* Plugin.swift */ = {isa = PBXFileReference; lastKnownFileType = sourcecode.swift; path = Plugin.swift; sourceTree = "<group>"; };
		339DFE092806BF2400B0DF92 /* CachePolicyPlugin.swift */ = {isa = PBXFileReference; lastKnownFileType = sourcecode.swift; path = CachePolicyPlugin.swift; sourceTree = "<group>"; };
		339DFE0C2806C00C00B0DF92 /* CachePolicyService.swift */ = {isa = PBXFileReference; lastKnownFileType = sourcecode.swift; path = CachePolicyService.swift; sourceTree = "<group>"; };
		339DFE122806C96B00B0DF92 /* TrendingView.swift */ = {isa = PBXFileReference; lastKnownFileType = sourcecode.swift; path = TrendingView.swift; sourceTree = "<group>"; };
		339DFE152806CA7000B0DF92 /* CarouselView.swift */ = {isa = PBXFileReference; lastKnownFileType = sourcecode.swift; path = CarouselView.swift; sourceTree = "<group>"; };
		339DFE172806D71E00B0DF92 /* UIColor.swift */ = {isa = PBXFileReference; lastKnownFileType = sourcecode.swift; path = UIColor.swift; sourceTree = "<group>"; };
		339DFE192806D7F200B0DF92 /* TrendingViewModel.swift */ = {isa = PBXFileReference; lastKnownFileType = sourcecode.swift; path = TrendingViewModel.swift; sourceTree = "<group>"; };
		339DFE1D2806F76700B0DF92 /* ImageAsync.swift */ = {isa = PBXFileReference; lastKnownFileType = sourcecode.swift; path = ImageAsync.swift; sourceTree = "<group>"; };
		339DFE212806F89F00B0DF92 /* ImageAsyncPhase.swift */ = {isa = PBXFileReference; lastKnownFileType = sourcecode.swift; path = ImageAsyncPhase.swift; sourceTree = "<group>"; };
		339DFE232806FBAD00B0DF92 /* ImageURL.swift */ = {isa = PBXFileReference; lastKnownFileType = sourcecode.swift; path = ImageURL.swift; sourceTree = "<group>"; };
		339DFE252806FD9200B0DF92 /* PictureSizes.swift */ = {isa = PBXFileReference; lastKnownFileType = sourcecode.swift; path = PictureSizes.swift; sourceTree = "<group>"; };
		339DFE2828070D5F00B0DF92 /* Movie.swift */ = {isa = PBXFileReference; lastKnownFileType = sourcecode.swift; path = Movie.swift; sourceTree = "<group>"; };
		339DFE2B28070E2900B0DF92 /* MovieView.swift */ = {isa = PBXFileReference; lastKnownFileType = sourcecode.swift; path = MovieView.swift; sourceTree = "<group>"; };
		339DFE2D28070E8400B0DF92 /* MovieViewModel.swift */ = {isa = PBXFileReference; lastKnownFileType = sourcecode.swift; path = MovieViewModel.swift; sourceTree = "<group>"; };
		339DFE2F28071BD900B0DF92 /* MovieHeaderView.swift */ = {isa = PBXFileReference; lastKnownFileType = sourcecode.swift; path = MovieHeaderView.swift; sourceTree = "<group>"; };
		339DFE3128071C2500B0DF92 /* MovieDescriptionView.swift */ = {isa = PBXFileReference; lastKnownFileType = sourcecode.swift; path = MovieDescriptionView.swift; sourceTree = "<group>"; };
		33D3759B2812927E0061E9FA /* PersonViewModel.swift */ = {isa = PBXFileReference; lastKnownFileType = sourcecode.swift; path = PersonViewModel.swift; sourceTree = "<group>"; };
		33D375A2281295580061E9FA /* CreditsListView.swift */ = {isa = PBXFileReference; lastKnownFileType = sourcecode.swift; path = CreditsListView.swift; sourceTree = "<group>"; };
		33D375A5281297200061E9FA /* Person.swift */ = {isa = PBXFileReference; lastKnownFileType = sourcecode.swift; path = Person.swift; sourceTree = "<group>"; };
		33D375A7281299AF0061E9FA /* PersonView.swift */ = {isa = PBXFileReference; lastKnownFileType = sourcecode.swift; path = PersonView.swift; sourceTree = "<group>"; };
		33D375A928129A1A0061E9FA /* PersonHeaderView.swift */ = {isa = PBXFileReference; lastKnownFileType = sourcecode.swift; path = PersonHeaderView.swift; sourceTree = "<group>"; };
		33D375AB28129EE00061E9FA /* PersonDescriptionView.swift */ = {isa = PBXFileReference; lastKnownFileType = sourcecode.swift; path = PersonDescriptionView.swift; sourceTree = "<group>"; };
		33D375AD2812A0B70061E9FA /* PersonOverviewView.swift */ = {isa = PBXFileReference; lastKnownFileType = sourcecode.swift; path = PersonOverviewView.swift; sourceTree = "<group>"; };
		33D375B32812ABE90061E9FA /* Person+Credits.swift */ = {isa = PBXFileReference; lastKnownFileType = sourcecode.swift; path = "Person+Credits.swift"; sourceTree = "<group>"; };
		33D375B52812ABFA0061E9FA /* Person+Cast.swift */ = {isa = PBXFileReference; lastKnownFileType = sourcecode.swift; path = "Person+Cast.swift"; sourceTree = "<group>"; };
		33D375B72812AC1F0061E9FA /* Person+Crew.swift */ = {isa = PBXFileReference; lastKnownFileType = sourcecode.swift; path = "Person+Crew.swift"; sourceTree = "<group>"; };
		33D375B92812B2E70061E9FA /* Array.swift */ = {isa = PBXFileReference; lastKnownFileType = sourcecode.swift; path = Array.swift; sourceTree = "<group>"; };
/* End PBXFileReference section */

/* Begin PBXFrameworksBuildPhase section */
		33053DE02805C39800801674 /* Frameworks */ = {
			isa = PBXFrameworksBuildPhase;
			buildActionMask = 2147483647;
			files = (
			);
			runOnlyForDeploymentPostprocessing = 0;
		};
		33053DF02805C39A00801674 /* Frameworks */ = {
			isa = PBXFrameworksBuildPhase;
			buildActionMask = 2147483647;
			files = (
			);
			runOnlyForDeploymentPostprocessing = 0;
		};
		33053DFA2805C39A00801674 /* Frameworks */ = {
			isa = PBXFrameworksBuildPhase;
			buildActionMask = 2147483647;
			files = (
			);
			runOnlyForDeploymentPostprocessing = 0;
		};
/* End PBXFrameworksBuildPhase section */

/* Begin PBXGroup section */
		33053DDA2805C39800801674 = {
			isa = PBXGroup;
			children = (
				33053DE52805C39800801674 /* TurnipOff */,
				33053DF62805C39A00801674 /* TurnipOffTests */,
				33053E002805C39A00801674 /* TurnipOffUITests */,
				33053DE42805C39800801674 /* Products */,
			);
			sourceTree = "<group>";
		};
		33053DE42805C39800801674 /* Products */ = {
			isa = PBXGroup;
			children = (
				33053DE32805C39800801674 /* TurnipOff.app */,
				33053DF32805C39A00801674 /* TurnipOffTests.xctest */,
				33053DFD2805C39A00801674 /* TurnipOffUITests.xctest */,
			);
			name = Products;
			sourceTree = "<group>";
		};
		33053DE52805C39800801674 /* TurnipOff */ = {
			isa = PBXGroup;
			children = (
				339DFE0E2806C88800B0DF92 /* UI */,
				33053E2D2805CE8400801674 /* Extension */,
				33053E1A2805C97500801674 /* Network */,
				33053E102805C79B00801674 /* Model */,
				33053DEA2805C39900801674 /* Assets.xcassets */,
				33053DE62805C39800801674 /* TurnipOffApp.swift */,
				33053DEC2805C39900801674 /* Preview Content */,
			);
			path = TurnipOff;
			sourceTree = "<group>";
		};
		33053DEC2805C39900801674 /* Preview Content */ = {
			isa = PBXGroup;
			children = (
				33053DED2805C39900801674 /* Preview Assets.xcassets */,
			);
			path = "Preview Content";
			sourceTree = "<group>";
		};
		33053DF62805C39A00801674 /* TurnipOffTests */ = {
			isa = PBXGroup;
			children = (
				33053DF72805C39A00801674 /* TurnipOffTests.swift */,
			);
			path = TurnipOffTests;
			sourceTree = "<group>";
		};
		33053E002805C39A00801674 /* TurnipOffUITests */ = {
			isa = PBXGroup;
			children = (
				33053E012805C39A00801674 /* TurnipOffUITests.swift */,
				33053E032805C39A00801674 /* TurnipOffUITestsLaunchTests.swift */,
			);
			path = TurnipOffUITests;
			sourceTree = "<group>";
		};
		33053E102805C79B00801674 /* Model */ = {
			isa = PBXGroup;
			children = (
				33D375A0281294230061E9FA /* Response */,
				33D3759F281293EA0061E9FA /* Request */,
			);
			path = Model;
			sourceTree = "<group>";
		};
		33053E172805C8C200801674 /* Search */ = {
			isa = PBXGroup;
			children = (
				33053E182805C8DB00801674 /* MovieSearch.swift */,
			);
			path = Search;
			sourceTree = "<group>";
		};
		33053E1A2805C97500801674 /* Network */ = {
			isa = PBXGroup;
			children = (
				339DFE002806B40600B0DF92 /* Class */,
				339DFDFD2806B28A00B0DF92 /* Enum */,
				339DFDFA2806B26200B0DF92 /* Protocol */,
				33053E302805D3C700801674 /* TMDBService.swift */,
				339DFE052806BCB100B0DF92 /* TMDBClient.swift */,
				339DFE0C2806C00C00B0DF92 /* CachePolicyService.swift */,
				339DFE092806BF2400B0DF92 /* CachePolicyPlugin.swift */,
			);
			path = Network;
			sourceTree = "<group>";
		};
		33053E2D2805CE8400801674 /* Extension */ = {
			isa = PBXGroup;
			children = (
				33053E2E2805CE8A00801674 /* Publisher.swift */,
				339DFE172806D71E00B0DF92 /* UIColor.swift */,
				33D375B92812B2E70061E9FA /* Array.swift */,
			);
			path = Extension;
			sourceTree = "<group>";
		};
		331E63A328102F9B0043E29F /* Person */ = {
			isa = PBXGroup;
			children = (
				33D3759B2812927E0061E9FA /* PersonViewModel.swift */,
				33D375A7281299AF0061E9FA /* PersonView.swift */,
				33D375AD2812A0B70061E9FA /* PersonOverviewView.swift */,
				33D375A928129A1A0061E9FA /* PersonHeaderView.swift */,
				33D375AB28129EE00061E9FA /* PersonDescriptionView.swift */,
			);
			path = Person;
			sourceTree = "<group>";
		};
		331E63A6281031BC0043E29F /* Section */ = {
			isa = PBXGroup;
			children = (
				331E63A9281032230043E29F /* SectionViewModel.swift */,
				331E63B328105D8E0043E29F /* SectionConfig.swift */,
				331E63A7281031E40043E29F /* SectionView.swift */,
			);
			path = Section;
			sourceTree = "<group>";
		};
		339DFDFA2806B26200B0DF92 /* Protocol */ = {
			isa = PBXGroup;
			children = (
				339DFDFB2806B27000B0DF92 /* Service.swift */,
				339DFE072806BE5700B0DF92 /* Plugin.swift */,
			);
			path = Protocol;
			sourceTree = "<group>";
		};
		339DFDFD2806B28A00B0DF92 /* Enum */ = {
			isa = PBXGroup;
			children = (
				33053E292805CE0600801674 /* NetworkError.swift */,
				339DFE032806B60D00B0DF92 /* ContentType.swift */,
				339DFDFE2806B29C00B0DF92 /* ServiceMethod.swift */,
			);
			path = Enum;
			sourceTree = "<group>";
		};
		339DFE002806B40600B0DF92 /* Class */ = {
			isa = PBXGroup;
			children = (
				339DFE012806B40C00B0DF92 /* ServiceProvider.swift */,
			);
			path = Class;
			sourceTree = "<group>";
		};
		339DFE0E2806C88800B0DF92 /* UI */ = {
			isa = PBXGroup;
			children = (
				331E63A328102F9B0043E29F /* Person */,
				339DFE2A28070E1900B0DF92 /* Movie */,
				339DFE142806CA6200B0DF92 /* Component */,
				339DFE0F2806C88F00B0DF92 /* Home */,
			);
			path = UI;
			sourceTree = "<group>";
		};
		339DFE0F2806C88F00B0DF92 /* Home */ = {
			isa = PBXGroup;
			children = (
				33053DE82805C39800801674 /* HomeView.swift */,
				339DFE1B2806D86000B0DF92 /* Trending */,
				331E63A6281031BC0043E29F /* Section */,
			);
			path = Home;
			sourceTree = "<group>";
		};
		339DFE142806CA6200B0DF92 /* Component */ = {
			isa = PBXGroup;
			children = (
				331E639D2810063C0043E29F /* CreditView.swift */,
				331E639B281002310043E29F /* CreditsView.swift */,
				33D375A2281295580061E9FA /* CreditsListView.swift */,
				339DFE1C2806F75F00B0DF92 /* AsyncImage */,
				339DFE152806CA7000B0DF92 /* CarouselView.swift */,
				339DFE232806FBAD00B0DF92 /* ImageURL.swift */,
				331E63AF2810487E0043E29F /* MoviePosterImage.swift */,
			);
			path = Component;
			sourceTree = "<group>";
		};
		339DFE1B2806D86000B0DF92 /* Trending */ = {
			isa = PBXGroup;
			children = (
				339DFE122806C96B00B0DF92 /* TrendingView.swift */,
				339DFE192806D7F200B0DF92 /* TrendingViewModel.swift */,
			);
			path = Trending;
			sourceTree = "<group>";
		};
		339DFE1C2806F75F00B0DF92 /* AsyncImage */ = {
			isa = PBXGroup;
			children = (
				339DFE1D2806F76700B0DF92 /* ImageAsync.swift */,
				339DFE212806F89F00B0DF92 /* ImageAsyncPhase.swift */,
			);
			path = AsyncImage;
			sourceTree = "<group>";
		};
		339DFE2A28070E1900B0DF92 /* Movie */ = {
			isa = PBXGroup;
			children = (
				339DFE2D28070E8400B0DF92 /* MovieViewModel.swift */,
				339DFE2B28070E2900B0DF92 /* MovieView.swift */,
				339DFE2F28071BD900B0DF92 /* MovieHeaderView.swift */,
				339DFE3128071C2500B0DF92 /* MovieDescriptionView.swift */,
				33114041280754DE004100B0 /* MovieOverviewView.swift */,
			);
			path = Movie;
			sourceTree = "<group>";
		};
		33D3759D281293BF0061E9FA /* Movie */ = {
			isa = PBXGroup;
			children = (
				339DFE2828070D5F00B0DF92 /* Movie.swift */,
				331E6397280FFFD70043E29F /* Movie+Credits.swift */,
				331E639F281011DA0043E29F /* Movie+Cast.swift */,
				331E63A1281011FE0043E29F /* Movie+Crew.swift */,
			);
			path = Movie;
			sourceTree = "<group>";
		};
		33D3759F281293EA0061E9FA /* Request */ = {
			isa = PBXGroup;
			children = (
				331E63A4281030400043E29F /* Sort.swift */,
				33053E132805C83500801674 /* MovieGenre.swift */,
			);
			path = Request;
			sourceTree = "<group>";
		};
		33D375A0281294230061E9FA /* Response */ = {
			isa = PBXGroup;
			children = (
				331E6399281000570043E29F /* Credit.swift */,
				33D375A4281296FE0061E9FA /* Person */,
				33D3759D281293BF0061E9FA /* Movie */,
				33053E172805C8C200801674 /* Search */,
				339DFE252806FD9200B0DF92 /* PictureSizes.swift */,
				33053E322805D43D00801674 /* TMDBResponse.swift */,
			);
			path = Response;
			sourceTree = "<group>";
		};
		33D375A4281296FE0061E9FA /* Person */ = {
			isa = PBXGroup;
			children = (
				33D375A5281297200061E9FA /* Person.swift */,
				33D375B32812ABE90061E9FA /* Person+Credits.swift */,
				33D375B52812ABFA0061E9FA /* Person+Cast.swift */,
				33D375B72812AC1F0061E9FA /* Person+Crew.swift */,
			);
			path = Person;
			sourceTree = "<group>";
		};
/* End PBXGroup section */

/* Begin PBXNativeTarget section */
		33053DE22805C39800801674 /* TurnipOff */ = {
			isa = PBXNativeTarget;
			buildConfigurationList = 33053E072805C39A00801674 /* Build configuration list for PBXNativeTarget "TurnipOff" */;
			buildPhases = (
				33053DDF2805C39800801674 /* Sources */,
				33053DE02805C39800801674 /* Frameworks */,
				33053DE12805C39800801674 /* Resources */,
			);
			buildRules = (
			);
			dependencies = (
			);
			name = TurnipOff;
			productName = TurnipOff;
			productReference = 33053DE32805C39800801674 /* TurnipOff.app */;
			productType = "com.apple.product-type.application";
		};
		33053DF22805C39A00801674 /* TurnipOffTests */ = {
			isa = PBXNativeTarget;
			buildConfigurationList = 33053E0A2805C39A00801674 /* Build configuration list for PBXNativeTarget "TurnipOffTests" */;
			buildPhases = (
				33053DEF2805C39A00801674 /* Sources */,
				33053DF02805C39A00801674 /* Frameworks */,
				33053DF12805C39A00801674 /* Resources */,
			);
			buildRules = (
			);
			dependencies = (
				33053DF52805C39A00801674 /* PBXTargetDependency */,
			);
			name = TurnipOffTests;
			productName = TurnipOffTests;
			productReference = 33053DF32805C39A00801674 /* TurnipOffTests.xctest */;
			productType = "com.apple.product-type.bundle.unit-test";
		};
		33053DFC2805C39A00801674 /* TurnipOffUITests */ = {
			isa = PBXNativeTarget;
			buildConfigurationList = 33053E0D2805C39A00801674 /* Build configuration list for PBXNativeTarget "TurnipOffUITests" */;
			buildPhases = (
				33053DF92805C39A00801674 /* Sources */,
				33053DFA2805C39A00801674 /* Frameworks */,
				33053DFB2805C39A00801674 /* Resources */,
			);
			buildRules = (
			);
			dependencies = (
				33053DFF2805C39A00801674 /* PBXTargetDependency */,
			);
			name = TurnipOffUITests;
			productName = TurnipOffUITests;
			productReference = 33053DFD2805C39A00801674 /* TurnipOffUITests.xctest */;
			productType = "com.apple.product-type.bundle.ui-testing";
		};
/* End PBXNativeTarget section */

/* Begin PBXProject section */
		33053DDB2805C39800801674 /* Project object */ = {
			isa = PBXProject;
			attributes = {
				BuildIndependentTargetsInParallel = 1;
				LastSwiftUpdateCheck = 1320;
				LastUpgradeCheck = 1320;
				TargetAttributes = {
					33053DE22805C39800801674 = {
						CreatedOnToolsVersion = 13.2.1;
					};
					33053DF22805C39A00801674 = {
						CreatedOnToolsVersion = 13.2.1;
						TestTargetID = 33053DE22805C39800801674;
					};
					33053DFC2805C39A00801674 = {
						CreatedOnToolsVersion = 13.2.1;
						TestTargetID = 33053DE22805C39800801674;
					};
				};
			};
			buildConfigurationList = 33053DDE2805C39800801674 /* Build configuration list for PBXProject "TurnipOff" */;
			compatibilityVersion = "Xcode 13.0";
			developmentRegion = en;
			hasScannedForEncodings = 0;
			knownRegions = (
				en,
				Base,
			);
			mainGroup = 33053DDA2805C39800801674;
			productRefGroup = 33053DE42805C39800801674 /* Products */;
			projectDirPath = "";
			projectRoot = "";
			targets = (
				33053DE22805C39800801674 /* TurnipOff */,
				33053DF22805C39A00801674 /* TurnipOffTests */,
				33053DFC2805C39A00801674 /* TurnipOffUITests */,
			);
		};
/* End PBXProject section */

/* Begin PBXResourcesBuildPhase section */
		33053DE12805C39800801674 /* Resources */ = {
			isa = PBXResourcesBuildPhase;
			buildActionMask = 2147483647;
			files = (
				33053DEE2805C39900801674 /* Preview Assets.xcassets in Resources */,
				33053DEB2805C39900801674 /* Assets.xcassets in Resources */,
			);
			runOnlyForDeploymentPostprocessing = 0;
		};
		33053DF12805C39A00801674 /* Resources */ = {
			isa = PBXResourcesBuildPhase;
			buildActionMask = 2147483647;
			files = (
			);
			runOnlyForDeploymentPostprocessing = 0;
		};
		33053DFB2805C39A00801674 /* Resources */ = {
			isa = PBXResourcesBuildPhase;
			buildActionMask = 2147483647;
			files = (
			);
			runOnlyForDeploymentPostprocessing = 0;
		};
/* End PBXResourcesBuildPhase section */

/* Begin PBXSourcesBuildPhase section */
		33053DDF2805C39800801674 /* Sources */ = {
			isa = PBXSourcesBuildPhase;
			buildActionMask = 2147483647;
			files = (
				33D375A8281299AF0061E9FA /* PersonView.swift in Sources */,
				339DFDFF2806B29C00B0DF92 /* ServiceMethod.swift in Sources */,
				33D375B62812ABFB0061E9FA /* Person+Cast.swift in Sources */,
				339DFE062806BCB100B0DF92 /* TMDBClient.swift in Sources */,
				331E63A5281030400043E29F /* Sort.swift in Sources */,
				331E63A0281011DA0043E29F /* Movie+Cast.swift in Sources */,
				33053E312805D3C700801674 /* TMDBService.swift in Sources */,
				331E63B428105D8E0043E29F /* SectionConfig.swift in Sources */,
				33D375B82812AC1F0061E9FA /* Person+Crew.swift in Sources */,
				33D375BA2812B2E70061E9FA /* Array.swift in Sources */,
				331E639C281002310043E29F /* CreditsView.swift in Sources */,
				339DFE132806C96B00B0DF92 /* TrendingView.swift in Sources */,
				33114042280754DE004100B0 /* MovieOverviewView.swift in Sources */,
				339DFE1E2806F76700B0DF92 /* ImageAsync.swift in Sources */,
				339DFDFC2806B27000B0DF92 /* Service.swift in Sources */,
				33D375AE2812A0B70061E9FA /* PersonOverviewView.swift in Sources */,
				331E63AA281032230043E29F /* SectionViewModel.swift in Sources */,
				33D375A3281295580061E9FA /* CreditsListView.swift in Sources */,
				339DFE0D2806C00C00B0DF92 /* CachePolicyService.swift in Sources */,
				33053E142805C83500801674 /* MovieGenre.swift in Sources */,
				331E63A8281031E40043E29F /* SectionView.swift in Sources */,
				339DFE182806D71E00B0DF92 /* UIColor.swift in Sources */,
				33053E332805D43D00801674 /* TMDBResponse.swift in Sources */,
				331E6398280FFFD70043E29F /* Movie+Credits.swift in Sources */,
				33D375AA28129A1A0061E9FA /* PersonHeaderView.swift in Sources */,
				331E63A2281011FE0043E29F /* Movie+Crew.swift in Sources */,
				339DFE2E28070E8400B0DF92 /* MovieViewModel.swift in Sources */,
				33D375AC28129EE00061E9FA /* PersonDescriptionView.swift in Sources */,
				339DFE3028071BD900B0DF92 /* MovieHeaderView.swift in Sources */,
				339DFE222806F89F00B0DF92 /* ImageAsyncPhase.swift in Sources */,
				339DFE262806FD9200B0DF92 /* PictureSizes.swift in Sources */,
				33053E192805C8DB00801674 /* MovieSearch.swift in Sources */,
				339DFE2C28070E2900B0DF92 /* MovieView.swift in Sources */,
				33D375A6281297200061E9FA /* Person.swift in Sources */,
				339DFE2928070D5F00B0DF92 /* Movie.swift in Sources */,
				33053DE92805C39800801674 /* HomeView.swift in Sources */,
				33D375B42812ABE90061E9FA /* Person+Credits.swift in Sources */,
				339DFE0A2806BF2400B0DF92 /* CachePolicyPlugin.swift in Sources */,
				331E639E2810063C0043E29F /* CreditView.swift in Sources */,
				339DFE3228071C2500B0DF92 /* MovieDescriptionView.swift in Sources */,
				339DFE162806CA7000B0DF92 /* CarouselView.swift in Sources */,
				331E639A281000570043E29F /* Credit.swift in Sources */,
				33D3759C2812927E0061E9FA /* PersonViewModel.swift in Sources */,
				339DFE022806B40C00B0DF92 /* ServiceProvider.swift in Sources */,
				339DFE1A2806D7F200B0DF92 /* TrendingViewModel.swift in Sources */,
				33053DE72805C39800801674 /* TurnipOffApp.swift in Sources */,
				33053E2F2805CE8A00801674 /* Publisher.swift in Sources */,
				33053E2A2805CE0600801674 /* NetworkError.swift in Sources */,
				331E63B02810487E0043E29F /* MoviePosterImage.swift in Sources */,
				339DFE242806FBAD00B0DF92 /* ImageURL.swift in Sources */,
				339DFE082806BE5700B0DF92 /* Plugin.swift in Sources */,
				339DFE042806B60D00B0DF92 /* ContentType.swift in Sources */,
			);
			runOnlyForDeploymentPostprocessing = 0;
		};
		33053DEF2805C39A00801674 /* Sources */ = {
			isa = PBXSourcesBuildPhase;
			buildActionMask = 2147483647;
			files = (
				33053DF82805C39A00801674 /* TurnipOffTests.swift in Sources */,
			);
			runOnlyForDeploymentPostprocessing = 0;
		};
		33053DF92805C39A00801674 /* Sources */ = {
			isa = PBXSourcesBuildPhase;
			buildActionMask = 2147483647;
			files = (
				33053E042805C39A00801674 /* TurnipOffUITestsLaunchTests.swift in Sources */,
				33053E022805C39A00801674 /* TurnipOffUITests.swift in Sources */,
			);
			runOnlyForDeploymentPostprocessing = 0;
		};
/* End PBXSourcesBuildPhase section */

/* Begin PBXTargetDependency section */
		33053DF52805C39A00801674 /* PBXTargetDependency */ = {
			isa = PBXTargetDependency;
			target = 33053DE22805C39800801674 /* TurnipOff */;
			targetProxy = 33053DF42805C39A00801674 /* PBXContainerItemProxy */;
		};
		33053DFF2805C39A00801674 /* PBXTargetDependency */ = {
			isa = PBXTargetDependency;
			target = 33053DE22805C39800801674 /* TurnipOff */;
			targetProxy = 33053DFE2805C39A00801674 /* PBXContainerItemProxy */;
		};
/* End PBXTargetDependency section */

/* Begin XCBuildConfiguration section */
		33053E052805C39A00801674 /* Debug */ = {
			isa = XCBuildConfiguration;
			buildSettings = {
				ALWAYS_SEARCH_USER_PATHS = NO;
				CLANG_ANALYZER_NONNULL = YES;
				CLANG_ANALYZER_NUMBER_OBJECT_CONVERSION = YES_AGGRESSIVE;
				CLANG_CXX_LANGUAGE_STANDARD = "gnu++17";
				CLANG_CXX_LIBRARY = "libc++";
				CLANG_ENABLE_MODULES = YES;
				CLANG_ENABLE_OBJC_ARC = YES;
				CLANG_ENABLE_OBJC_WEAK = YES;
				CLANG_WARN_BLOCK_CAPTURE_AUTORELEASING = YES;
				CLANG_WARN_BOOL_CONVERSION = YES;
				CLANG_WARN_COMMA = YES;
				CLANG_WARN_CONSTANT_CONVERSION = YES;
				CLANG_WARN_DEPRECATED_OBJC_IMPLEMENTATIONS = YES;
				CLANG_WARN_DIRECT_OBJC_ISA_USAGE = YES_ERROR;
				CLANG_WARN_DOCUMENTATION_COMMENTS = YES;
				CLANG_WARN_EMPTY_BODY = YES;
				CLANG_WARN_ENUM_CONVERSION = YES;
				CLANG_WARN_INFINITE_RECURSION = YES;
				CLANG_WARN_INT_CONVERSION = YES;
				CLANG_WARN_NON_LITERAL_NULL_CONVERSION = YES;
				CLANG_WARN_OBJC_IMPLICIT_RETAIN_SELF = YES;
				CLANG_WARN_OBJC_LITERAL_CONVERSION = YES;
				CLANG_WARN_OBJC_ROOT_CLASS = YES_ERROR;
				CLANG_WARN_QUOTED_INCLUDE_IN_FRAMEWORK_HEADER = YES;
				CLANG_WARN_RANGE_LOOP_ANALYSIS = YES;
				CLANG_WARN_STRICT_PROTOTYPES = YES;
				CLANG_WARN_SUSPICIOUS_MOVE = YES;
				CLANG_WARN_UNGUARDED_AVAILABILITY = YES_AGGRESSIVE;
				CLANG_WARN_UNREACHABLE_CODE = YES;
				CLANG_WARN__DUPLICATE_METHOD_MATCH = YES;
				COPY_PHASE_STRIP = NO;
				DEBUG_INFORMATION_FORMAT = dwarf;
				ENABLE_STRICT_OBJC_MSGSEND = YES;
				ENABLE_TESTABILITY = YES;
				GCC_C_LANGUAGE_STANDARD = gnu11;
				GCC_DYNAMIC_NO_PIC = NO;
				GCC_NO_COMMON_BLOCKS = YES;
				GCC_OPTIMIZATION_LEVEL = 0;
				GCC_PREPROCESSOR_DEFINITIONS = (
					"DEBUG=1",
					"$(inherited)",
				);
				GCC_WARN_64_TO_32_BIT_CONVERSION = YES;
				GCC_WARN_ABOUT_RETURN_TYPE = YES_ERROR;
				GCC_WARN_UNDECLARED_SELECTOR = YES;
				GCC_WARN_UNINITIALIZED_AUTOS = YES_AGGRESSIVE;
				GCC_WARN_UNUSED_FUNCTION = YES;
				GCC_WARN_UNUSED_VARIABLE = YES;
				IPHONEOS_DEPLOYMENT_TARGET = 14.0;
				MTL_ENABLE_DEBUG_INFO = INCLUDE_SOURCE;
				MTL_FAST_MATH = YES;
				ONLY_ACTIVE_ARCH = YES;
				SDKROOT = iphoneos;
				SWIFT_ACTIVE_COMPILATION_CONDITIONS = DEBUG;
				SWIFT_OPTIMIZATION_LEVEL = "-Onone";
			};
			name = Debug;
		};
		33053E062805C39A00801674 /* Release */ = {
			isa = XCBuildConfiguration;
			buildSettings = {
				ALWAYS_SEARCH_USER_PATHS = NO;
				CLANG_ANALYZER_NONNULL = YES;
				CLANG_ANALYZER_NUMBER_OBJECT_CONVERSION = YES_AGGRESSIVE;
				CLANG_CXX_LANGUAGE_STANDARD = "gnu++17";
				CLANG_CXX_LIBRARY = "libc++";
				CLANG_ENABLE_MODULES = YES;
				CLANG_ENABLE_OBJC_ARC = YES;
				CLANG_ENABLE_OBJC_WEAK = YES;
				CLANG_WARN_BLOCK_CAPTURE_AUTORELEASING = YES;
				CLANG_WARN_BOOL_CONVERSION = YES;
				CLANG_WARN_COMMA = YES;
				CLANG_WARN_CONSTANT_CONVERSION = YES;
				CLANG_WARN_DEPRECATED_OBJC_IMPLEMENTATIONS = YES;
				CLANG_WARN_DIRECT_OBJC_ISA_USAGE = YES_ERROR;
				CLANG_WARN_DOCUMENTATION_COMMENTS = YES;
				CLANG_WARN_EMPTY_BODY = YES;
				CLANG_WARN_ENUM_CONVERSION = YES;
				CLANG_WARN_INFINITE_RECURSION = YES;
				CLANG_WARN_INT_CONVERSION = YES;
				CLANG_WARN_NON_LITERAL_NULL_CONVERSION = YES;
				CLANG_WARN_OBJC_IMPLICIT_RETAIN_SELF = YES;
				CLANG_WARN_OBJC_LITERAL_CONVERSION = YES;
				CLANG_WARN_OBJC_ROOT_CLASS = YES_ERROR;
				CLANG_WARN_QUOTED_INCLUDE_IN_FRAMEWORK_HEADER = YES;
				CLANG_WARN_RANGE_LOOP_ANALYSIS = YES;
				CLANG_WARN_STRICT_PROTOTYPES = YES;
				CLANG_WARN_SUSPICIOUS_MOVE = YES;
				CLANG_WARN_UNGUARDED_AVAILABILITY = YES_AGGRESSIVE;
				CLANG_WARN_UNREACHABLE_CODE = YES;
				CLANG_WARN__DUPLICATE_METHOD_MATCH = YES;
				COPY_PHASE_STRIP = NO;
				DEBUG_INFORMATION_FORMAT = "dwarf-with-dsym";
				ENABLE_NS_ASSERTIONS = NO;
				ENABLE_STRICT_OBJC_MSGSEND = YES;
				GCC_C_LANGUAGE_STANDARD = gnu11;
				GCC_NO_COMMON_BLOCKS = YES;
				GCC_WARN_64_TO_32_BIT_CONVERSION = YES;
				GCC_WARN_ABOUT_RETURN_TYPE = YES_ERROR;
				GCC_WARN_UNDECLARED_SELECTOR = YES;
				GCC_WARN_UNINITIALIZED_AUTOS = YES_AGGRESSIVE;
				GCC_WARN_UNUSED_FUNCTION = YES;
				GCC_WARN_UNUSED_VARIABLE = YES;
				IPHONEOS_DEPLOYMENT_TARGET = 14.0;
				MTL_ENABLE_DEBUG_INFO = NO;
				MTL_FAST_MATH = YES;
				SDKROOT = iphoneos;
				SWIFT_COMPILATION_MODE = wholemodule;
				SWIFT_OPTIMIZATION_LEVEL = "-O";
				VALIDATE_PRODUCT = YES;
			};
			name = Release;
		};
		33053E082805C39A00801674 /* Debug */ = {
			isa = XCBuildConfiguration;
			buildSettings = {
				ASSETCATALOG_COMPILER_APPICON_NAME = AppIcon;
				ASSETCATALOG_COMPILER_GLOBAL_ACCENT_COLOR_NAME = AccentColor;
				CODE_SIGN_STYLE = Automatic;
				CURRENT_PROJECT_VERSION = 1;
				DEVELOPMENT_ASSET_PATHS = "\"TurnipOff/Preview Content\"";
				DEVELOPMENT_TEAM = 9BTUBC86U7;
				ENABLE_PREVIEWS = YES;
				GENERATE_INFOPLIST_FILE = YES;
				INFOPLIST_KEY_UIApplicationSceneManifest_Generation = YES;
				INFOPLIST_KEY_UIApplicationSupportsIndirectInputEvents = YES;
				INFOPLIST_KEY_UILaunchScreen_Generation = YES;
				INFOPLIST_KEY_UISupportedInterfaceOrientations_iPad = "UIInterfaceOrientationPortrait UIInterfaceOrientationPortraitUpsideDown UIInterfaceOrientationLandscapeLeft UIInterfaceOrientationLandscapeRight";
				INFOPLIST_KEY_UISupportedInterfaceOrientations_iPhone = "UIInterfaceOrientationPortrait UIInterfaceOrientationLandscapeLeft UIInterfaceOrientationLandscapeRight";
				LD_RUNPATH_SEARCH_PATHS = (
					"$(inherited)",
					"@executable_path/Frameworks",
				);
				MARKETING_VERSION = 1.0;
				PRODUCT_BUNDLE_IDENTIFIER = fr.insideapp.turnipoff;
				PRODUCT_NAME = "$(TARGET_NAME)";
				SWIFT_EMIT_LOC_STRINGS = YES;
				SWIFT_VERSION = 5.0;
				TARGETED_DEVICE_FAMILY = "1,2";
			};
			name = Debug;
		};
		33053E092805C39A00801674 /* Release */ = {
			isa = XCBuildConfiguration;
			buildSettings = {
				ASSETCATALOG_COMPILER_APPICON_NAME = AppIcon;
				ASSETCATALOG_COMPILER_GLOBAL_ACCENT_COLOR_NAME = AccentColor;
				CODE_SIGN_STYLE = Automatic;
				CURRENT_PROJECT_VERSION = 1;
				DEVELOPMENT_ASSET_PATHS = "\"TurnipOff/Preview Content\"";
				DEVELOPMENT_TEAM = 9BTUBC86U7;
				ENABLE_PREVIEWS = YES;
				GENERATE_INFOPLIST_FILE = YES;
				INFOPLIST_KEY_UIApplicationSceneManifest_Generation = YES;
				INFOPLIST_KEY_UIApplicationSupportsIndirectInputEvents = YES;
				INFOPLIST_KEY_UILaunchScreen_Generation = YES;
				INFOPLIST_KEY_UISupportedInterfaceOrientations_iPad = "UIInterfaceOrientationPortrait UIInterfaceOrientationPortraitUpsideDown UIInterfaceOrientationLandscapeLeft UIInterfaceOrientationLandscapeRight";
				INFOPLIST_KEY_UISupportedInterfaceOrientations_iPhone = "UIInterfaceOrientationPortrait UIInterfaceOrientationLandscapeLeft UIInterfaceOrientationLandscapeRight";
				LD_RUNPATH_SEARCH_PATHS = (
					"$(inherited)",
					"@executable_path/Frameworks",
				);
				MARKETING_VERSION = 1.0;
				PRODUCT_BUNDLE_IDENTIFIER = fr.insideapp.turnipoff;
				PRODUCT_NAME = "$(TARGET_NAME)";
				SWIFT_EMIT_LOC_STRINGS = YES;
				SWIFT_VERSION = 5.0;
				TARGETED_DEVICE_FAMILY = "1,2";
			};
			name = Release;
		};
		33053E0B2805C39A00801674 /* Debug */ = {
			isa = XCBuildConfiguration;
			buildSettings = {
				ALWAYS_EMBED_SWIFT_STANDARD_LIBRARIES = YES;
				BUNDLE_LOADER = "$(TEST_HOST)";
				CODE_SIGN_STYLE = Automatic;
				CURRENT_PROJECT_VERSION = 1;
				DEVELOPMENT_TEAM = 9BTUBC86U7;
				GENERATE_INFOPLIST_FILE = YES;
				MARKETING_VERSION = 1.0;
				PRODUCT_BUNDLE_IDENTIFIER = com.quadient.TurnipOffTests;
				PRODUCT_NAME = "$(TARGET_NAME)";
				SWIFT_EMIT_LOC_STRINGS = NO;
				SWIFT_VERSION = 5.0;
				TARGETED_DEVICE_FAMILY = "1,2";
				TEST_HOST = "$(BUILT_PRODUCTS_DIR)/TurnipOff.app/TurnipOff";
			};
			name = Debug;
		};
		33053E0C2805C39A00801674 /* Release */ = {
			isa = XCBuildConfiguration;
			buildSettings = {
				ALWAYS_EMBED_SWIFT_STANDARD_LIBRARIES = YES;
				BUNDLE_LOADER = "$(TEST_HOST)";
				CODE_SIGN_STYLE = Automatic;
				CURRENT_PROJECT_VERSION = 1;
				DEVELOPMENT_TEAM = 9BTUBC86U7;
				GENERATE_INFOPLIST_FILE = YES;
				MARKETING_VERSION = 1.0;
				PRODUCT_BUNDLE_IDENTIFIER = com.quadient.TurnipOffTests;
				PRODUCT_NAME = "$(TARGET_NAME)";
				SWIFT_EMIT_LOC_STRINGS = NO;
				SWIFT_VERSION = 5.0;
				TARGETED_DEVICE_FAMILY = "1,2";
				TEST_HOST = "$(BUILT_PRODUCTS_DIR)/TurnipOff.app/TurnipOff";
			};
			name = Release;
		};
		33053E0E2805C39A00801674 /* Debug */ = {
			isa = XCBuildConfiguration;
			buildSettings = {
				ALWAYS_EMBED_SWIFT_STANDARD_LIBRARIES = YES;
				CODE_SIGN_STYLE = Automatic;
				CURRENT_PROJECT_VERSION = 1;
				DEVELOPMENT_TEAM = 9BTUBC86U7;
				GENERATE_INFOPLIST_FILE = YES;
				MARKETING_VERSION = 1.0;
				PRODUCT_BUNDLE_IDENTIFIER = com.quadient.TurnipOffUITests;
				PRODUCT_NAME = "$(TARGET_NAME)";
				SWIFT_EMIT_LOC_STRINGS = NO;
				SWIFT_VERSION = 5.0;
				TARGETED_DEVICE_FAMILY = "1,2";
				TEST_TARGET_NAME = TurnipOff;
			};
			name = Debug;
		};
		33053E0F2805C39A00801674 /* Release */ = {
			isa = XCBuildConfiguration;
			buildSettings = {
				ALWAYS_EMBED_SWIFT_STANDARD_LIBRARIES = YES;
				CODE_SIGN_STYLE = Automatic;
				CURRENT_PROJECT_VERSION = 1;
				DEVELOPMENT_TEAM = 9BTUBC86U7;
				GENERATE_INFOPLIST_FILE = YES;
				MARKETING_VERSION = 1.0;
				PRODUCT_BUNDLE_IDENTIFIER = com.quadient.TurnipOffUITests;
				PRODUCT_NAME = "$(TARGET_NAME)";
				SWIFT_EMIT_LOC_STRINGS = NO;
				SWIFT_VERSION = 5.0;
				TARGETED_DEVICE_FAMILY = "1,2";
				TEST_TARGET_NAME = TurnipOff;
			};
			name = Release;
		};
/* End XCBuildConfiguration section */

/* Begin XCConfigurationList section */
		33053DDE2805C39800801674 /* Build configuration list for PBXProject "TurnipOff" */ = {
			isa = XCConfigurationList;
			buildConfigurations = (
				33053E052805C39A00801674 /* Debug */,
				33053E062805C39A00801674 /* Release */,
			);
			defaultConfigurationIsVisible = 0;
			defaultConfigurationName = Release;
		};
		33053E072805C39A00801674 /* Build configuration list for PBXNativeTarget "TurnipOff" */ = {
			isa = XCConfigurationList;
			buildConfigurations = (
				33053E082805C39A00801674 /* Debug */,
				33053E092805C39A00801674 /* Release */,
			);
			defaultConfigurationIsVisible = 0;
			defaultConfigurationName = Release;
		};
		33053E0A2805C39A00801674 /* Build configuration list for PBXNativeTarget "TurnipOffTests" */ = {
			isa = XCConfigurationList;
			buildConfigurations = (
				33053E0B2805C39A00801674 /* Debug */,
				33053E0C2805C39A00801674 /* Release */,
			);
			defaultConfigurationIsVisible = 0;
			defaultConfigurationName = Release;
		};
		33053E0D2805C39A00801674 /* Build configuration list for PBXNativeTarget "TurnipOffUITests" */ = {
			isa = XCConfigurationList;
			buildConfigurations = (
				33053E0E2805C39A00801674 /* Debug */,
				33053E0F2805C39A00801674 /* Release */,
			);
			defaultConfigurationIsVisible = 0;
			defaultConfigurationName = Release;
		};
/* End XCConfigurationList section */
	};
	rootObject = 33053DDB2805C39800801674 /* Project object */;
}
